
Microsoft Visual Studio Solution File, Format Version 12.00
# Visual Studio Version 17
VisualStudioVersion = 17.9.34728.123
MinimumVisualStudioVersion = 10.0.40219.1
Project("{8BC9CEB8-8B4A-11D0-8D11-00A0C91BC942}") = "avrcp-target-service", "projects\avrcp-target-service\avrcp-target-service.vcxproj", "{1CB42DF5-6BA9-4B27-89C2-D84CBD66B6EF}"
EndProject
Project("{8BC9CEB8-8B4A-11D0-8D11-00A0C91BC942}") = "lib-bt-packets-avrcp", "projects\lib-bt-packets-avrcp\lib-bt-packets-avrcp.vcxproj", "{205B2E76-2809-4E21-B893-9D8B6CF1820E}"
EndProject
Project("{8BC9CEB8-8B4A-11D0-8D11-00A0C91BC942}") = "lib-bt-packets-base", "projects\lib-bt-packets-base\lib-bt-packets-base.vcxproj", "{84272452-85EB-4116-A0BB-37C6D0D1EFCA}"
EndProject
Project("{8BC9CEB8-8B4A-11D0-8D11-00A0C91BC942}") = "libaudio-a2dp-hw-utils", "projects\libaudio-a2dp-hw-utils\libaudio-a2dp-hw-utils.vcxproj", "{5E5E464E-FB56-431F-8108-6D8FC1A60B21}"
EndProject
Project("{8BC9CEB8-8B4A-11D0-8D11-00A0C91BC942}") = "libbluetooth-dumpsys", "projects\libbluetooth-dumpsys\libbluetooth-dumpsys.vcxproj", "{841012BA-227E-4608-872C-72064FA79C93}"
EndProject
Project("{8BC9CEB8-8B4A-11D0-8D11-00A0C91BC942}") = "libbluetooth-gdx", "projects\libbluetooth-gdx\libbluetooth-gdx.vcxproj", "{6976C01F-1C8A-4DE8-8B35-8D160BD920BF}"
EndProject
Project("{8BC9CEB8-8B4A-11D0-8D11-00A0C91BC942}") = "libbluetooth-types", "projects\libbluetooth-types\libbluetooth-types.vcxproj", "{507D0018-E017-4DBF-91FC-B7C4AA43D97D}"
EndProject
Project("{8BC9CEB8-8B4A-11D0-8D11-00A0C91BC942}") = "libbluetooth_crypto_toolbox", "projects\libbluetooth_crypto_toolbox\libbluetooth_crypto_toolbox.vcxproj", "{16202B9A-469A-4DF2-A422-A2D028814795}"
EndProject
Project("{8BC9CEB8-8B4A-11D0-8D11-00A0C91BC942}") = "libbluetooth_gd", "projects\libbluetooth_gd\libbluetooth_gd.vcxproj", "{A7CBAC38-88CA-4EE0-B47E-8644E976C75C}"
EndProject
Project("{8BC9CEB8-8B4A-11D0-8D11-00A0C91BC942}") = "libbluetooth_log", "projects\libbluetooth_log\libbluetooth_log.vcxproj", "{C065F0B6-067F-427C-81D5-EA97943E605D}"
EndProject
Project("{8BC9CEB8-8B4A-11D0-8D11-00A0C91BC942}") = "libbt-audio-asrc", "projects\libbt-audio-asrc\libbt-audio-asrc.vcxproj", "{256D9234-0B8D-405A-A496-2BD3B54B4081}"
EndProject
Project("{8BC9CEB8-8B4A-11D0-8D11-00A0C91BC942}") = "libbt-audio-hal-interface", "projects\libbt-audio-hal-interface\libbt-audio-hal-interface.vcxproj", "{C901001D-2AE6-43B6-85D1-8D64D79EBBF7}"
EndProject
Project("{8BC9CEB8-8B4A-11D0-8D11-00A0C91BC942}") = "libbt-bta", "projects\libbt-bta\libbt-bta.vcxproj", "{8B46E9A0-E1B0-4AE3-BA42-96D6E59FAE90}"
EndProject
Project("{8BC9CEB8-8B4A-11D0-8D11-00A0C91BC942}") = "libbt-bta-core", "projects\libbt-bta-core\libbt-bta-core.vcxproj", "{2E15342B-582A-4224-87E9-D046575CFFBE}"
EndProject
Project("{8BC9CEB8-8B4A-11D0-8D11-00A0C91BC942}") = "libbt-btu-main-thread", "projects\libbt-btu-main-thread\libbt-btu-main-thread.vcxproj", "{D147A5CD-219B-46E6-B36C-E9D856C3758A}"
EndProject
Project("{8BC9CEB8-8B4A-11D0-8D11-00A0C91BC942}") = "libbt-common", "projects\libbt-common\libbt-common.vcxproj", "{5F0DE4BF-E576-43C8-BE01-B7AD4E42AEEE}"
EndProject
Project("{8BC9CEB8-8B4A-11D0-8D11-00A0C91BC942}") = "libbt-hci", "projects\libbt-hci\libbt-hci.vcxproj", "{2EC36E72-BA03-43F7-B834-CCBFC5A9D28B}"
EndProject
Project("{8BC9CEB8-8B4A-11D0-8D11-00A0C91BC942}") = "libbt-jni-thread", "projects\libbt-jni-thread\libbt-jni-thread.vcxproj", "{4D57169A-C29A-4AD6-82DB-ED0768348288}"
EndProject
Project("{8BC9CEB8-8B4A-11D0-8D11-00A0C91BC942}") = "libbt-sbc-decoder", "projects\libbt-sbc-decoder\libbt-sbc-decoder.vcxproj", "{B243F815-D252-40CE-B9AF-FEDA8FAAB7C2}"
EndProject
Project("{8BC9CEB8-8B4A-11D0-8D11-00A0C91BC942}") = "libbt-sbc-encoder", "projects\libbt-sbc-encoder\libbt-sbc-encoder.vcxproj", "{CE028FFA-C84C-440D-AB23-CAA50DF5D52F}"
EndProject
Project("{8BC9CEB8-8B4A-11D0-8D11-00A0C91BC942}") = "libbt-stack", "projects\libbt-stack\libbt-stack.vcxproj", "{C50557A2-F785-42F5-A8DF-800F0B92B70F}"
EndProject
Project("{8BC9CEB8-8B4A-11D0-8D11-00A0C91BC942}") = "libbt-stack-core", "projects\libbt-stack-core\libbt-stack-core.vcxproj", "{3B10B209-7A2C-4B20-A536-D8F12A74AB6F}"
EndProject
Project("{8BC9CEB8-8B4A-11D0-8D11-00A0C91BC942}") = "libbtcore", "projects\libbtcore\libbtcore.vcxproj", "{627591A7-C305-41E8-A37D-F77FA8DAF0EB}"
EndProject
Project("{8BC9CEB8-8B4A-11D0-8D11-00A0C91BC942}") = "libbtdevice", "projects\libbtdevice\libbtdevice.vcxproj", "{C2537156-35D8-45E1-8F9D-5054D756C86D}"
EndProject
Project("{8BC9CEB8-8B4A-11D0-8D11-00A0C91BC942}") = "libbte", "projects\libbte\libbte.vcxproj", "{CA99BD28-CC2D-47DB-94A2-4B5F1085644F}"
EndProject
Project("{8BC9CEB8-8B4A-11D0-8D11-00A0C91BC942}") = "libbtif", "projects\libbtif\libbtif.vcxproj", "{AE6B45BC-0F97-4A6D-880D-E1B697C614B7}"
EndProject
Project("{8BC9CEB8-8B4A-11D0-8D11-00A0C91BC942}") = "libbtif-core", "projects\libbtif-core\libbtif-core.vcxproj", "{40340E8C-D1C0-4378-9C91-EC4822DAC27F}"
EndProject
Project("{8BC9CEB8-8B4A-11D0-8D11-00A0C91BC942}") = "libg722codec", "projects\libg722codec\libg722codec.vcxproj", "{D3696A8E-E925-49A8-A8A4-8AA4E715A75B}"
EndProject
Project("{8BC9CEB8-8B4A-11D0-8D11-00A0C91BC942}") = "libosi", "projects\libosi\libosi.vcxproj", "{11D27C4D-4444-42EF-9B5D-4457EA0687FE}"
EndProject
Project("{2150E333-8FDC-42A3-9474-1A3956D46DE8}") = "stack", "stack", "{44B351DD-30E6-4706-BD70-E32B09F5C02A}"
EndProject
Project("{8BC9CEB8-8B4A-11D0-8D11-00A0C91BC942}") = "libbluetooth", "projects\libbluetooth\libbluetooth.vcxproj", "{B3A8FCB2-2E4D-4496-938A-383BC037D4ED}"
EndProject
Project("{8BC9CEB8-8B4A-11D0-8D11-00A0C91BC942}") = "libudrv-uipc", "projects\libudrv-uipc\libudrv-uipc.vcxproj", "{0BD2DA8C-4815-470F-B27C-087E1F239265}"
EndProject
Project("{2150E333-8FDC-42A3-9474-1A3956D46DE8}") = "generated", "generated", "{79E2232F-C6C9-4DAC-AD99-6243F2EEF683}"
EndProject
Project("{8BC9CEB8-8B4A-11D0-8D11-00A0C91BC942}") = "gen_init_flags", "projects\gen_init_flags\gen_init_flags.vcxproj", "{0DC95577-39CB-47E5-88D1-47847EB44A77}"
EndProject
Project("{8BC9CEB8-8B4A-11D0-8D11-00A0C91BC942}") = "bluetooth_flags_c_lib", "projects\bluetooth_flags_c_lib\bluetooth_flags_c_lib.vcxproj", "{FE8CF7B8-8FA9-47A5-902F-125621FCC9EF}"
EndProject
Project("{8BC9CEB8-8B4A-11D0-8D11-00A0C91BC942}") = "com.android.sysprop.bluetooth", "projects\com.android.sysprop.bluetooth\com.android.sysprop.bluetooth.vcxproj", "{D0F263C7-0081-401F-8387-2D1EF3A02631}"
EndProject
Project("{8BC9CEB8-8B4A-11D0-8D11-00A0C91BC942}") = "libaptx_enc", "projects\libaptx_enc\libaptx_enc.vcxproj", "{F659ABEA-68A0-400A-8E54-3423D93F608A}"
EndProject
Project("{8BC9CEB8-8B4A-11D0-8D11-00A0C91BC942}") = "libaptxhd_enc", "projects\libaptxhd_enc\libaptxhd_enc.vcxproj", "{F32197E2-740B-44F6-97E1-B6C89B4041BC}"
EndProject
Project("{8BC9CEB8-8B4A-11D0-8D11-00A0C91BC942}") = "libbluetooth_core_rs_bridge", "projects\libbluetooth_core_rs_bridge\libbluetooth_core_rs_bridge.vcxproj", "{96950A39-AEEC-4D7B-A861-4FA3B1C3E143}"
EndProject
Project("{8BC9CEB8-8B4A-11D0-8D11-00A0C91BC942}") = "libstatslog_bt", "projects\libstatslog_bt\libstatslog_bt.vcxproj", "{C838965D-ABC7-4AAA-BFBD-8870817A877C}"
EndProject
Project("{8BC9CEB8-8B4A-11D0-8D11-00A0C91BC942}") = "libhci_win", "projects\libhci_win\libhci_win.vcxproj", "{79816533-8C79-432B-809B-CADD9315BF5B}"
EndProject
Project("{2150E333-8FDC-42A3-9474-1A3956D46DE8}") = "tools", "tools", "{73759F29-C2ED-463D-89A9-2742A8A6D814}"
EndProject
Project("{8BC9CEB8-8B4A-11D0-8D11-00A0C91BC942}") = "bluetooth_packetgen", "projects\bluetooth_packetgen\bluetooth_packetgen.vcxproj", "{1CEBFE66-119F-471F-A690-ECABCD9DA06F}"
EndProject
Project("{8BC9CEB8-8B4A-11D0-8D11-00A0C91BC942}") = "libbluetoothinterface_ori", "projects\libbluetoothinterface_ori\libbluetoothinterface_ori.vcxproj", "{CD2608B3-E94A-4D19-B416-A71C0C08B1E1}"
EndProject
Global
	GlobalSection(SolutionConfigurationPlatforms) = preSolution
		Debug|x64 = Debug|x64
		Debug|x86 = Debug|x86
		Release|x64 = Release|x64
		Release|x86 = Release|x86
	EndGlobalSection
	GlobalSection(ProjectConfigurationPlatforms) = postSolution
		{1CB42DF5-6BA9-4B27-89C2-D84CBD66B6EF}.Debug|x64.ActiveCfg = Debug|x64
		{1CB42DF5-6BA9-4B27-89C2-D84CBD66B6EF}.Debug|x64.Build.0 = Debug|x64
		{1CB42DF5-6BA9-4B27-89C2-D84CBD66B6EF}.Debug|x86.ActiveCfg = Debug|Win32
		{1CB42DF5-6BA9-4B27-89C2-D84CBD66B6EF}.Debug|x86.Build.0 = Debug|Win32
		{1CB42DF5-6BA9-4B27-89C2-D84CBD66B6EF}.Release|x64.ActiveCfg = Release|x64
		{1CB42DF5-6BA9-4B27-89C2-D84CBD66B6EF}.Release|x64.Build.0 = Release|x64
		{1CB42DF5-6BA9-4B27-89C2-D84CBD66B6EF}.Release|x86.ActiveCfg = Release|Win32
		{1CB42DF5-6BA9-4B27-89C2-D84CBD66B6EF}.Release|x86.Build.0 = Release|Win32
		{205B2E76-2809-4E21-B893-9D8B6CF1820E}.Debug|x64.ActiveCfg = Debug|x64
		{205B2E76-2809-4E21-B893-9D8B6CF1820E}.Debug|x64.Build.0 = Debug|x64
		{205B2E76-2809-4E21-B893-9D8B6CF1820E}.Debug|x86.ActiveCfg = Debug|Win32
		{205B2E76-2809-4E21-B893-9D8B6CF1820E}.Debug|x86.Build.0 = Debug|Win32
		{205B2E76-2809-4E21-B893-9D8B6CF1820E}.Release|x64.ActiveCfg = Release|x64
		{205B2E76-2809-4E21-B893-9D8B6CF1820E}.Release|x64.Build.0 = Release|x64
		{205B2E76-2809-4E21-B893-9D8B6CF1820E}.Release|x86.ActiveCfg = Release|Win32
		{205B2E76-2809-4E21-B893-9D8B6CF1820E}.Release|x86.Build.0 = Release|Win32
		{84272452-85EB-4116-A0BB-37C6D0D1EFCA}.Debug|x64.ActiveCfg = Debug|x64
		{84272452-85EB-4116-A0BB-37C6D0D1EFCA}.Debug|x64.Build.0 = Debug|x64
		{84272452-85EB-4116-A0BB-37C6D0D1EFCA}.Debug|x86.ActiveCfg = Debug|Win32
		{84272452-85EB-4116-A0BB-37C6D0D1EFCA}.Debug|x86.Build.0 = Debug|Win32
		{84272452-85EB-4116-A0BB-37C6D0D1EFCA}.Release|x64.ActiveCfg = Release|x64
		{84272452-85EB-4116-A0BB-37C6D0D1EFCA}.Release|x64.Build.0 = Release|x64
		{84272452-85EB-4116-A0BB-37C6D0D1EFCA}.Release|x86.ActiveCfg = Release|Win32
		{84272452-85EB-4116-A0BB-37C6D0D1EFCA}.Release|x86.Build.0 = Release|Win32
		{5E5E464E-FB56-431F-8108-6D8FC1A60B21}.Debug|x64.ActiveCfg = Debug|x64
		{5E5E464E-FB56-431F-8108-6D8FC1A60B21}.Debug|x64.Build.0 = Debug|x64
		{5E5E464E-FB56-431F-8108-6D8FC1A60B21}.Debug|x86.ActiveCfg = Debug|Win32
		{5E5E464E-FB56-431F-8108-6D8FC1A60B21}.Debug|x86.Build.0 = Debug|Win32
		{5E5E464E-FB56-431F-8108-6D8FC1A60B21}.Release|x64.ActiveCfg = Release|x64
		{5E5E464E-FB56-431F-8108-6D8FC1A60B21}.Release|x64.Build.0 = Release|x64
		{5E5E464E-FB56-431F-8108-6D8FC1A60B21}.Release|x86.ActiveCfg = Release|Win32
		{5E5E464E-FB56-431F-8108-6D8FC1A60B21}.Release|x86.Build.0 = Release|Win32
		{841012BA-227E-4608-872C-72064FA79C93}.Debug|x64.ActiveCfg = Debug|x64
		{841012BA-227E-4608-872C-72064FA79C93}.Debug|x64.Build.0 = Debug|x64
		{841012BA-227E-4608-872C-72064FA79C93}.Debug|x86.ActiveCfg = Debug|Win32
		{841012BA-227E-4608-872C-72064FA79C93}.Debug|x86.Build.0 = Debug|Win32
		{841012BA-227E-4608-872C-72064FA79C93}.Release|x64.ActiveCfg = Release|x64
		{841012BA-227E-4608-872C-72064FA79C93}.Release|x64.Build.0 = Release|x64
		{841012BA-227E-4608-872C-72064FA79C93}.Release|x86.ActiveCfg = Release|Win32
		{841012BA-227E-4608-872C-72064FA79C93}.Release|x86.Build.0 = Release|Win32
		{6976C01F-1C8A-4DE8-8B35-8D160BD920BF}.Debug|x64.ActiveCfg = Debug|x64
		{6976C01F-1C8A-4DE8-8B35-8D160BD920BF}.Debug|x64.Build.0 = Debug|x64
		{6976C01F-1C8A-4DE8-8B35-8D160BD920BF}.Debug|x86.ActiveCfg = Debug|Win32
		{6976C01F-1C8A-4DE8-8B35-8D160BD920BF}.Debug|x86.Build.0 = Debug|Win32
		{6976C01F-1C8A-4DE8-8B35-8D160BD920BF}.Release|x64.ActiveCfg = Release|x64
		{6976C01F-1C8A-4DE8-8B35-8D160BD920BF}.Release|x64.Build.0 = Release|x64
		{6976C01F-1C8A-4DE8-8B35-8D160BD920BF}.Release|x86.ActiveCfg = Release|Win32
		{6976C01F-1C8A-4DE8-8B35-8D160BD920BF}.Release|x86.Build.0 = Release|Win32
		{507D0018-E017-4DBF-91FC-B7C4AA43D97D}.Debug|x64.ActiveCfg = Debug|x64
		{507D0018-E017-4DBF-91FC-B7C4AA43D97D}.Debug|x64.Build.0 = Debug|x64
		{507D0018-E017-4DBF-91FC-B7C4AA43D97D}.Debug|x86.ActiveCfg = Debug|Win32
		{507D0018-E017-4DBF-91FC-B7C4AA43D97D}.Debug|x86.Build.0 = Debug|Win32
		{507D0018-E017-4DBF-91FC-B7C4AA43D97D}.Release|x64.ActiveCfg = Release|x64
		{507D0018-E017-4DBF-91FC-B7C4AA43D97D}.Release|x64.Build.0 = Release|x64
		{507D0018-E017-4DBF-91FC-B7C4AA43D97D}.Release|x86.ActiveCfg = Release|Win32
		{507D0018-E017-4DBF-91FC-B7C4AA43D97D}.Release|x86.Build.0 = Release|Win32
		{16202B9A-469A-4DF2-A422-A2D028814795}.Debug|x64.ActiveCfg = Debug|x64
		{16202B9A-469A-4DF2-A422-A2D028814795}.Debug|x64.Build.0 = Debug|x64
		{16202B9A-469A-4DF2-A422-A2D028814795}.Debug|x86.ActiveCfg = Debug|Win32
		{16202B9A-469A-4DF2-A422-A2D028814795}.Debug|x86.Build.0 = Debug|Win32
		{16202B9A-469A-4DF2-A422-A2D028814795}.Release|x64.ActiveCfg = Release|x64
		{16202B9A-469A-4DF2-A422-A2D028814795}.Release|x64.Build.0 = Release|x64
		{16202B9A-469A-4DF2-A422-A2D028814795}.Release|x86.ActiveCfg = Release|Win32
		{16202B9A-469A-4DF2-A422-A2D028814795}.Release|x86.Build.0 = Release|Win32
		{A7CBAC38-88CA-4EE0-B47E-8644E976C75C}.Debug|x64.ActiveCfg = Debug|x64
		{A7CBAC38-88CA-4EE0-B47E-8644E976C75C}.Debug|x64.Build.0 = Debug|x64
		{A7CBAC38-88CA-4EE0-B47E-8644E976C75C}.Debug|x86.ActiveCfg = Debug|Win32
		{A7CBAC38-88CA-4EE0-B47E-8644E976C75C}.Debug|x86.Build.0 = Debug|Win32
		{A7CBAC38-88CA-4EE0-B47E-8644E976C75C}.Release|x64.ActiveCfg = Release|x64
		{A7CBAC38-88CA-4EE0-B47E-8644E976C75C}.Release|x64.Build.0 = Release|x64
		{A7CBAC38-88CA-4EE0-B47E-8644E976C75C}.Release|x86.ActiveCfg = Release|Win32
		{A7CBAC38-88CA-4EE0-B47E-8644E976C75C}.Release|x86.Build.0 = Release|Win32
		{C065F0B6-067F-427C-81D5-EA97943E605D}.Debug|x64.ActiveCfg = Debug|x64
		{C065F0B6-067F-427C-81D5-EA97943E605D}.Debug|x64.Build.0 = Debug|x64
		{C065F0B6-067F-427C-81D5-EA97943E605D}.Debug|x86.ActiveCfg = Debug|Win32
		{C065F0B6-067F-427C-81D5-EA97943E605D}.Debug|x86.Build.0 = Debug|Win32
		{C065F0B6-067F-427C-81D5-EA97943E605D}.Release|x64.ActiveCfg = Release|x64
		{C065F0B6-067F-427C-81D5-EA97943E605D}.Release|x64.Build.0 = Release|x64
		{C065F0B6-067F-427C-81D5-EA97943E605D}.Release|x86.ActiveCfg = Release|Win32
		{C065F0B6-067F-427C-81D5-EA97943E605D}.Release|x86.Build.0 = Release|Win32
		{256D9234-0B8D-405A-A496-2BD3B54B4081}.Debug|x64.ActiveCfg = Debug|x64
		{256D9234-0B8D-405A-A496-2BD3B54B4081}.Debug|x64.Build.0 = Debug|x64
		{256D9234-0B8D-405A-A496-2BD3B54B4081}.Debug|x86.ActiveCfg = Debug|Win32
		{256D9234-0B8D-405A-A496-2BD3B54B4081}.Debug|x86.Build.0 = Debug|Win32
		{256D9234-0B8D-405A-A496-2BD3B54B4081}.Release|x64.ActiveCfg = Release|x64
		{256D9234-0B8D-405A-A496-2BD3B54B4081}.Release|x64.Build.0 = Release|x64
		{256D9234-0B8D-405A-A496-2BD3B54B4081}.Release|x86.ActiveCfg = Release|Win32
		{256D9234-0B8D-405A-A496-2BD3B54B4081}.Release|x86.Build.0 = Release|Win32
		{C901001D-2AE6-43B6-85D1-8D64D79EBBF7}.Debug|x64.ActiveCfg = Debug|x64
		{C901001D-2AE6-43B6-85D1-8D64D79EBBF7}.Debug|x64.Build.0 = Debug|x64
		{C901001D-2AE6-43B6-85D1-8D64D79EBBF7}.Debug|x86.ActiveCfg = Debug|Win32
		{C901001D-2AE6-43B6-85D1-8D64D79EBBF7}.Debug|x86.Build.0 = Debug|Win32
		{C901001D-2AE6-43B6-85D1-8D64D79EBBF7}.Release|x64.ActiveCfg = Release|x64
		{C901001D-2AE6-43B6-85D1-8D64D79EBBF7}.Release|x64.Build.0 = Release|x64
		{C901001D-2AE6-43B6-85D1-8D64D79EBBF7}.Release|x86.ActiveCfg = Release|Win32
		{C901001D-2AE6-43B6-85D1-8D64D79EBBF7}.Release|x86.Build.0 = Release|Win32
		{8B46E9A0-E1B0-4AE3-BA42-96D6E59FAE90}.Debug|x64.ActiveCfg = Debug|x64
		{8B46E9A0-E1B0-4AE3-BA42-96D6E59FAE90}.Debug|x64.Build.0 = Debug|x64
		{8B46E9A0-E1B0-4AE3-BA42-96D6E59FAE90}.Debug|x86.ActiveCfg = Debug|Win32
		{8B46E9A0-E1B0-4AE3-BA42-96D6E59FAE90}.Debug|x86.Build.0 = Debug|Win32
		{8B46E9A0-E1B0-4AE3-BA42-96D6E59FAE90}.Release|x64.ActiveCfg = Release|x64
		{8B46E9A0-E1B0-4AE3-BA42-96D6E59FAE90}.Release|x64.Build.0 = Release|x64
		{8B46E9A0-E1B0-4AE3-BA42-96D6E59FAE90}.Release|x86.ActiveCfg = Release|Win32
		{8B46E9A0-E1B0-4AE3-BA42-96D6E59FAE90}.Release|x86.Build.0 = Release|Win32
		{2E15342B-582A-4224-87E9-D046575CFFBE}.Debug|x64.ActiveCfg = Debug|x64
		{2E15342B-582A-4224-87E9-D046575CFFBE}.Debug|x64.Build.0 = Debug|x64
		{2E15342B-582A-4224-87E9-D046575CFFBE}.Debug|x86.ActiveCfg = Debug|Win32
		{2E15342B-582A-4224-87E9-D046575CFFBE}.Debug|x86.Build.0 = Debug|Win32
		{2E15342B-582A-4224-87E9-D046575CFFBE}.Release|x64.ActiveCfg = Release|x64
		{2E15342B-582A-4224-87E9-D046575CFFBE}.Release|x64.Build.0 = Release|x64
		{2E15342B-582A-4224-87E9-D046575CFFBE}.Release|x86.ActiveCfg = Release|Win32
		{2E15342B-582A-4224-87E9-D046575CFFBE}.Release|x86.Build.0 = Release|Win32
		{D147A5CD-219B-46E6-B36C-E9D856C3758A}.Debug|x64.ActiveCfg = Debug|x64
		{D147A5CD-219B-46E6-B36C-E9D856C3758A}.Debug|x64.Build.0 = Debug|x64
		{D147A5CD-219B-46E6-B36C-E9D856C3758A}.Debug|x86.ActiveCfg = Debug|Win32
		{D147A5CD-219B-46E6-B36C-E9D856C3758A}.Debug|x86.Build.0 = Debug|Win32
		{D147A5CD-219B-46E6-B36C-E9D856C3758A}.Release|x64.ActiveCfg = Release|x64
		{D147A5CD-219B-46E6-B36C-E9D856C3758A}.Release|x64.Build.0 = Release|x64
		{D147A5CD-219B-46E6-B36C-E9D856C3758A}.Release|x86.ActiveCfg = Release|Win32
		{D147A5CD-219B-46E6-B36C-E9D856C3758A}.Release|x86.Build.0 = Release|Win32
		{5F0DE4BF-E576-43C8-BE01-B7AD4E42AEEE}.Debug|x64.ActiveCfg = Debug|x64
		{5F0DE4BF-E576-43C8-BE01-B7AD4E42AEEE}.Debug|x64.Build.0 = Debug|x64
		{5F0DE4BF-E576-43C8-BE01-B7AD4E42AEEE}.Debug|x86.ActiveCfg = Debug|Win32
		{5F0DE4BF-E576-43C8-BE01-B7AD4E42AEEE}.Debug|x86.Build.0 = Debug|Win32
		{5F0DE4BF-E576-43C8-BE01-B7AD4E42AEEE}.Release|x64.ActiveCfg = Release|x64
		{5F0DE4BF-E576-43C8-BE01-B7AD4E42AEEE}.Release|x64.Build.0 = Release|x64
		{5F0DE4BF-E576-43C8-BE01-B7AD4E42AEEE}.Release|x86.ActiveCfg = Release|Win32
		{5F0DE4BF-E576-43C8-BE01-B7AD4E42AEEE}.Release|x86.Build.0 = Release|Win32
		{2EC36E72-BA03-43F7-B834-CCBFC5A9D28B}.Debug|x64.ActiveCfg = Debug|x64
		{2EC36E72-BA03-43F7-B834-CCBFC5A9D28B}.Debug|x64.Build.0 = Debug|x64
		{2EC36E72-BA03-43F7-B834-CCBFC5A9D28B}.Debug|x86.ActiveCfg = Debug|Win32
		{2EC36E72-BA03-43F7-B834-CCBFC5A9D28B}.Debug|x86.Build.0 = Debug|Win32
		{2EC36E72-BA03-43F7-B834-CCBFC5A9D28B}.Release|x64.ActiveCfg = Release|x64
		{2EC36E72-BA03-43F7-B834-CCBFC5A9D28B}.Release|x64.Build.0 = Release|x64
		{2EC36E72-BA03-43F7-B834-CCBFC5A9D28B}.Release|x86.ActiveCfg = Release|Win32
		{2EC36E72-BA03-43F7-B834-CCBFC5A9D28B}.Release|x86.Build.0 = Release|Win32
		{4D57169A-C29A-4AD6-82DB-ED0768348288}.Debug|x64.ActiveCfg = Debug|x64
		{4D57169A-C29A-4AD6-82DB-ED0768348288}.Debug|x64.Build.0 = Debug|x64
		{4D57169A-C29A-4AD6-82DB-ED0768348288}.Debug|x86.ActiveCfg = Debug|Win32
		{4D57169A-C29A-4AD6-82DB-ED0768348288}.Debug|x86.Build.0 = Debug|Win32
		{4D57169A-C29A-4AD6-82DB-ED0768348288}.Release|x64.ActiveCfg = Release|x64
		{4D57169A-C29A-4AD6-82DB-ED0768348288}.Release|x64.Build.0 = Release|x64
		{4D57169A-C29A-4AD6-82DB-ED0768348288}.Release|x86.ActiveCfg = Release|Win32
		{4D57169A-C29A-4AD6-82DB-ED0768348288}.Release|x86.Build.0 = Release|Win32
		{B243F815-D252-40CE-B9AF-FEDA8FAAB7C2}.Debug|x64.ActiveCfg = Debug|x64
		{B243F815-D252-40CE-B9AF-FEDA8FAAB7C2}.Debug|x64.Build.0 = Debug|x64
		{B243F815-D252-40CE-B9AF-FEDA8FAAB7C2}.Debug|x86.ActiveCfg = Debug|Win32
		{B243F815-D252-40CE-B9AF-FEDA8FAAB7C2}.Debug|x86.Build.0 = Debug|Win32
		{B243F815-D252-40CE-B9AF-FEDA8FAAB7C2}.Release|x64.ActiveCfg = Release|x64
		{B243F815-D252-40CE-B9AF-FEDA8FAAB7C2}.Release|x64.Build.0 = Release|x64
		{B243F815-D252-40CE-B9AF-FEDA8FAAB7C2}.Release|x86.ActiveCfg = Release|Win32
		{B243F815-D252-40CE-B9AF-FEDA8FAAB7C2}.Release|x86.Build.0 = Release|Win32
		{CE028FFA-C84C-440D-AB23-CAA50DF5D52F}.Debug|x64.ActiveCfg = Debug|x64
		{CE028FFA-C84C-440D-AB23-CAA50DF5D52F}.Debug|x64.Build.0 = Debug|x64
		{CE028FFA-C84C-440D-AB23-CAA50DF5D52F}.Debug|x86.ActiveCfg = Debug|Win32
		{CE028FFA-C84C-440D-AB23-CAA50DF5D52F}.Debug|x86.Build.0 = Debug|Win32
		{CE028FFA-C84C-440D-AB23-CAA50DF5D52F}.Release|x64.ActiveCfg = Release|x64
		{CE028FFA-C84C-440D-AB23-CAA50DF5D52F}.Release|x64.Build.0 = Release|x64
		{CE028FFA-C84C-440D-AB23-CAA50DF5D52F}.Release|x86.ActiveCfg = Release|Win32
		{CE028FFA-C84C-440D-AB23-CAA50DF5D52F}.Release|x86.Build.0 = Release|Win32
		{C50557A2-F785-42F5-A8DF-800F0B92B70F}.Debug|x64.ActiveCfg = Debug|x64
		{C50557A2-F785-42F5-A8DF-800F0B92B70F}.Debug|x64.Build.0 = Debug|x64
		{C50557A2-F785-42F5-A8DF-800F0B92B70F}.Debug|x86.ActiveCfg = Debug|Win32
		{C50557A2-F785-42F5-A8DF-800F0B92B70F}.Debug|x86.Build.0 = Debug|Win32
		{C50557A2-F785-42F5-A8DF-800F0B92B70F}.Release|x64.ActiveCfg = Release|x64
		{C50557A2-F785-42F5-A8DF-800F0B92B70F}.Release|x64.Build.0 = Release|x64
		{C50557A2-F785-42F5-A8DF-800F0B92B70F}.Release|x86.ActiveCfg = Release|Win32
		{C50557A2-F785-42F5-A8DF-800F0B92B70F}.Release|x86.Build.0 = Release|Win32
		{3B10B209-7A2C-4B20-A536-D8F12A74AB6F}.Debug|x64.ActiveCfg = Debug|x64
		{3B10B209-7A2C-4B20-A536-D8F12A74AB6F}.Debug|x64.Build.0 = Debug|x64
		{3B10B209-7A2C-4B20-A536-D8F12A74AB6F}.Debug|x86.ActiveCfg = Debug|Win32
		{3B10B209-7A2C-4B20-A536-D8F12A74AB6F}.Debug|x86.Build.0 = Debug|Win32
		{3B10B209-7A2C-4B20-A536-D8F12A74AB6F}.Release|x64.ActiveCfg = Release|x64
		{3B10B209-7A2C-4B20-A536-D8F12A74AB6F}.Release|x64.Build.0 = Release|x64
		{3B10B209-7A2C-4B20-A536-D8F12A74AB6F}.Release|x86.ActiveCfg = Release|Win32
		{3B10B209-7A2C-4B20-A536-D8F12A74AB6F}.Release|x86.Build.0 = Release|Win32
		{627591A7-C305-41E8-A37D-F77FA8DAF0EB}.Debug|x64.ActiveCfg = Debug|x64
		{627591A7-C305-41E8-A37D-F77FA8DAF0EB}.Debug|x64.Build.0 = Debug|x64
		{627591A7-C305-41E8-A37D-F77FA8DAF0EB}.Debug|x86.ActiveCfg = Debug|Win32
		{627591A7-C305-41E8-A37D-F77FA8DAF0EB}.Debug|x86.Build.0 = Debug|Win32
		{627591A7-C305-41E8-A37D-F77FA8DAF0EB}.Release|x64.ActiveCfg = Release|x64
		{627591A7-C305-41E8-A37D-F77FA8DAF0EB}.Release|x64.Build.0 = Release|x64
		{627591A7-C305-41E8-A37D-F77FA8DAF0EB}.Release|x86.ActiveCfg = Release|Win32
		{627591A7-C305-41E8-A37D-F77FA8DAF0EB}.Release|x86.Build.0 = Release|Win32
		{C2537156-35D8-45E1-8F9D-5054D756C86D}.Debug|x64.ActiveCfg = Debug|x64
		{C2537156-35D8-45E1-8F9D-5054D756C86D}.Debug|x64.Build.0 = Debug|x64
		{C2537156-35D8-45E1-8F9D-5054D756C86D}.Debug|x86.ActiveCfg = Debug|Win32
		{C2537156-35D8-45E1-8F9D-5054D756C86D}.Debug|x86.Build.0 = Debug|Win32
		{C2537156-35D8-45E1-8F9D-5054D756C86D}.Release|x64.ActiveCfg = Release|x64
		{C2537156-35D8-45E1-8F9D-5054D756C86D}.Release|x64.Build.0 = Release|x64
		{C2537156-35D8-45E1-8F9D-5054D756C86D}.Release|x86.ActiveCfg = Release|Win32
		{C2537156-35D8-45E1-8F9D-5054D756C86D}.Release|x86.Build.0 = Release|Win32
		{CA99BD28-CC2D-47DB-94A2-4B5F1085644F}.Debug|x64.ActiveCfg = Debug|x64
		{CA99BD28-CC2D-47DB-94A2-4B5F1085644F}.Debug|x64.Build.0 = Debug|x64
		{CA99BD28-CC2D-47DB-94A2-4B5F1085644F}.Debug|x86.ActiveCfg = Debug|Win32
		{CA99BD28-CC2D-47DB-94A2-4B5F1085644F}.Debug|x86.Build.0 = Debug|Win32
		{CA99BD28-CC2D-47DB-94A2-4B5F1085644F}.Release|x64.ActiveCfg = Release|x64
		{CA99BD28-CC2D-47DB-94A2-4B5F1085644F}.Release|x64.Build.0 = Release|x64
		{CA99BD28-CC2D-47DB-94A2-4B5F1085644F}.Release|x86.ActiveCfg = Release|Win32
		{CA99BD28-CC2D-47DB-94A2-4B5F1085644F}.Release|x86.Build.0 = Release|Win32
		{AE6B45BC-0F97-4A6D-880D-E1B697C614B7}.Debug|x64.ActiveCfg = Debug|x64
		{AE6B45BC-0F97-4A6D-880D-E1B697C614B7}.Debug|x64.Build.0 = Debug|x64
		{AE6B45BC-0F97-4A6D-880D-E1B697C614B7}.Debug|x86.ActiveCfg = Debug|Win32
		{AE6B45BC-0F97-4A6D-880D-E1B697C614B7}.Debug|x86.Build.0 = Debug|Win32
		{AE6B45BC-0F97-4A6D-880D-E1B697C614B7}.Release|x64.ActiveCfg = Release|x64
		{AE6B45BC-0F97-4A6D-880D-E1B697C614B7}.Release|x64.Build.0 = Release|x64
		{AE6B45BC-0F97-4A6D-880D-E1B697C614B7}.Release|x86.ActiveCfg = Release|Win32
		{AE6B45BC-0F97-4A6D-880D-E1B697C614B7}.Release|x86.Build.0 = Release|Win32
		{40340E8C-D1C0-4378-9C91-EC4822DAC27F}.Debug|x64.ActiveCfg = Debug|x64
		{40340E8C-D1C0-4378-9C91-EC4822DAC27F}.Debug|x64.Build.0 = Debug|x64
		{40340E8C-D1C0-4378-9C91-EC4822DAC27F}.Debug|x86.ActiveCfg = Debug|Win32
		{40340E8C-D1C0-4378-9C91-EC4822DAC27F}.Debug|x86.Build.0 = Debug|Win32
		{40340E8C-D1C0-4378-9C91-EC4822DAC27F}.Release|x64.ActiveCfg = Release|x64
		{40340E8C-D1C0-4378-9C91-EC4822DAC27F}.Release|x64.Build.0 = Release|x64
		{40340E8C-D1C0-4378-9C91-EC4822DAC27F}.Release|x86.ActiveCfg = Release|Win32
		{40340E8C-D1C0-4378-9C91-EC4822DAC27F}.Release|x86.Build.0 = Release|Win32
		{D3696A8E-E925-49A8-A8A4-8AA4E715A75B}.Debug|x64.ActiveCfg = Debug|x64
		{D3696A8E-E925-49A8-A8A4-8AA4E715A75B}.Debug|x64.Build.0 = Debug|x64
		{D3696A8E-E925-49A8-A8A4-8AA4E715A75B}.Debug|x86.ActiveCfg = Debug|Win32
		{D3696A8E-E925-49A8-A8A4-8AA4E715A75B}.Debug|x86.Build.0 = Debug|Win32
		{D3696A8E-E925-49A8-A8A4-8AA4E715A75B}.Release|x64.ActiveCfg = Release|x64
		{D3696A8E-E925-49A8-A8A4-8AA4E715A75B}.Release|x64.Build.0 = Release|x64
		{D3696A8E-E925-49A8-A8A4-8AA4E715A75B}.Release|x86.ActiveCfg = Release|Win32
		{D3696A8E-E925-49A8-A8A4-8AA4E715A75B}.Release|x86.Build.0 = Release|Win32
		{11D27C4D-4444-42EF-9B5D-4457EA0687FE}.Debug|x64.ActiveCfg = Debug|x64
		{11D27C4D-4444-42EF-9B5D-4457EA0687FE}.Debug|x64.Build.0 = Debug|x64
		{11D27C4D-4444-42EF-9B5D-4457EA0687FE}.Debug|x86.ActiveCfg = Debug|Win32
		{11D27C4D-4444-42EF-9B5D-4457EA0687FE}.Debug|x86.Build.0 = Debug|Win32
		{11D27C4D-4444-42EF-9B5D-4457EA0687FE}.Release|x64.ActiveCfg = Release|x64
		{11D27C4D-4444-42EF-9B5D-4457EA0687FE}.Release|x64.Build.0 = Release|x64
		{11D27C4D-4444-42EF-9B5D-4457EA0687FE}.Release|x86.ActiveCfg = Release|Win32
		{11D27C4D-4444-42EF-9B5D-4457EA0687FE}.Release|x86.Build.0 = Release|Win32
		{B3A8FCB2-2E4D-4496-938A-383BC037D4ED}.Debug|x64.ActiveCfg = Debug|x64
		{B3A8FCB2-2E4D-4496-938A-383BC037D4ED}.Debug|x64.Build.0 = Debug|x64
		{B3A8FCB2-2E4D-4496-938A-383BC037D4ED}.Debug|x86.ActiveCfg = Debug|Win32
		{B3A8FCB2-2E4D-4496-938A-383BC037D4ED}.Debug|x86.Build.0 = Debug|Win32
		{B3A8FCB2-2E4D-4496-938A-383BC037D4ED}.Release|x64.ActiveCfg = Release|x64
		{B3A8FCB2-2E4D-4496-938A-383BC037D4ED}.Release|x64.Build.0 = Release|x64
		{B3A8FCB2-2E4D-4496-938A-383BC037D4ED}.Release|x86.ActiveCfg = Release|Win32
		{B3A8FCB2-2E4D-4496-938A-383BC037D4ED}.Release|x86.Build.0 = Release|Win32
		{0BD2DA8C-4815-470F-B27C-087E1F239265}.Debug|x64.ActiveCfg = Debug|x64
		{0BD2DA8C-4815-470F-B27C-087E1F239265}.Debug|x64.Build.0 = Debug|x64
		{0BD2DA8C-4815-470F-B27C-087E1F239265}.Debug|x86.ActiveCfg = Debug|Win32
		{0BD2DA8C-4815-470F-B27C-087E1F239265}.Debug|x86.Build.0 = Debug|Win32
		{0BD2DA8C-4815-470F-B27C-087E1F239265}.Release|x64.ActiveCfg = Release|x64
		{0BD2DA8C-4815-470F-B27C-087E1F239265}.Release|x64.Build.0 = Release|x64
		{0BD2DA8C-4815-470F-B27C-087E1F239265}.Release|x86.ActiveCfg = Release|Win32
		{0BD2DA8C-4815-470F-B27C-087E1F239265}.Release|x86.Build.0 = Release|Win32
		{0DC95577-39CB-47E5-88D1-47847EB44A77}.Debug|x64.ActiveCfg = Debug|x64
		{0DC95577-39CB-47E5-88D1-47847EB44A77}.Debug|x64.Build.0 = Debug|x64
		{0DC95577-39CB-47E5-88D1-47847EB44A77}.Debug|x86.ActiveCfg = Debug|Win32
		{0DC95577-39CB-47E5-88D1-47847EB44A77}.Debug|x86.Build.0 = Debug|Win32
		{0DC95577-39CB-47E5-88D1-47847EB44A77}.Release|x64.ActiveCfg = Release|x64
		{0DC95577-39CB-47E5-88D1-47847EB44A77}.Release|x64.Build.0 = Release|x64
		{0DC95577-39CB-47E5-88D1-47847EB44A77}.Release|x86.ActiveCfg = Release|Win32
		{0DC95577-39CB-47E5-88D1-47847EB44A77}.Release|x86.Build.0 = Release|Win32
		{FE8CF7B8-8FA9-47A5-902F-125621FCC9EF}.Debug|x64.ActiveCfg = Debug|x64
		{FE8CF7B8-8FA9-47A5-902F-125621FCC9EF}.Debug|x64.Build.0 = Debug|x64
		{FE8CF7B8-8FA9-47A5-902F-125621FCC9EF}.Debug|x86.ActiveCfg = Debug|Win32
		{FE8CF7B8-8FA9-47A5-902F-125621FCC9EF}.Debug|x86.Build.0 = Debug|Win32
		{FE8CF7B8-8FA9-47A5-902F-125621FCC9EF}.Release|x64.ActiveCfg = Release|x64
		{FE8CF7B8-8FA9-47A5-902F-125621FCC9EF}.Release|x64.Build.0 = Release|x64
		{FE8CF7B8-8FA9-47A5-902F-125621FCC9EF}.Release|x86.ActiveCfg = Release|Win32
		{FE8CF7B8-8FA9-47A5-902F-125621FCC9EF}.Release|x86.Build.0 = Release|Win32
		{D0F263C7-0081-401F-8387-2D1EF3A02631}.Debug|x64.ActiveCfg = Debug|x64
		{D0F263C7-0081-401F-8387-2D1EF3A02631}.Debug|x64.Build.0 = Debug|x64
		{D0F263C7-0081-401F-8387-2D1EF3A02631}.Debug|x86.ActiveCfg = Debug|Win32
		{D0F263C7-0081-401F-8387-2D1EF3A02631}.Debug|x86.Build.0 = Debug|Win32
		{D0F263C7-0081-401F-8387-2D1EF3A02631}.Release|x64.ActiveCfg = Release|x64
		{D0F263C7-0081-401F-8387-2D1EF3A02631}.Release|x64.Build.0 = Release|x64
		{D0F263C7-0081-401F-8387-2D1EF3A02631}.Release|x86.ActiveCfg = Release|Win32
		{D0F263C7-0081-401F-8387-2D1EF3A02631}.Release|x86.Build.0 = Release|Win32
		{F659ABEA-68A0-400A-8E54-3423D93F608A}.Debug|x64.ActiveCfg = Debug|x64
		{F659ABEA-68A0-400A-8E54-3423D93F608A}.Debug|x64.Build.0 = Debug|x64
		{F659ABEA-68A0-400A-8E54-3423D93F608A}.Debug|x86.ActiveCfg = Debug|Win32
		{F659ABEA-68A0-400A-8E54-3423D93F608A}.Debug|x86.Build.0 = Debug|Win32
		{F659ABEA-68A0-400A-8E54-3423D93F608A}.Release|x64.ActiveCfg = Release|x64
		{F659ABEA-68A0-400A-8E54-3423D93F608A}.Release|x64.Build.0 = Release|x64
		{F659ABEA-68A0-400A-8E54-3423D93F608A}.Release|x86.ActiveCfg = Release|Win32
		{F659ABEA-68A0-400A-8E54-3423D93F608A}.Release|x86.Build.0 = Release|Win32
		{F32197E2-740B-44F6-97E1-B6C89B4041BC}.Debug|x64.ActiveCfg = Debug|x64
		{F32197E2-740B-44F6-97E1-B6C89B4041BC}.Debug|x64.Build.0 = Debug|x64
		{F32197E2-740B-44F6-97E1-B6C89B4041BC}.Debug|x86.ActiveCfg = Debug|Win32
		{F32197E2-740B-44F6-97E1-B6C89B4041BC}.Debug|x86.Build.0 = Debug|Win32
		{F32197E2-740B-44F6-97E1-B6C89B4041BC}.Release|x64.ActiveCfg = Release|x64
		{F32197E2-740B-44F6-97E1-B6C89B4041BC}.Release|x64.Build.0 = Release|x64
		{F32197E2-740B-44F6-97E1-B6C89B4041BC}.Release|x86.ActiveCfg = Release|Win32
		{F32197E2-740B-44F6-97E1-B6C89B4041BC}.Release|x86.Build.0 = Release|Win32
		{96950A39-AEEC-4D7B-A861-4FA3B1C3E143}.Debug|x64.ActiveCfg = Debug|x64
		{96950A39-AEEC-4D7B-A861-4FA3B1C3E143}.Debug|x64.Build.0 = Debug|x64
		{96950A39-AEEC-4D7B-A861-4FA3B1C3E143}.Debug|x86.ActiveCfg = Debug|Win32
		{96950A39-AEEC-4D7B-A861-4FA3B1C3E143}.Debug|x86.Build.0 = Debug|Win32
		{96950A39-AEEC-4D7B-A861-4FA3B1C3E143}.Release|x64.ActiveCfg = Release|x64
		{96950A39-AEEC-4D7B-A861-4FA3B1C3E143}.Release|x64.Build.0 = Release|x64
		{96950A39-AEEC-4D7B-A861-4FA3B1C3E143}.Release|x86.ActiveCfg = Release|Win32
		{96950A39-AEEC-4D7B-A861-4FA3B1C3E143}.Release|x86.Build.0 = Release|Win32
		{C838965D-ABC7-4AAA-BFBD-8870817A877C}.Debug|x64.ActiveCfg = Debug|x64
		{C838965D-ABC7-4AAA-BFBD-8870817A877C}.Debug|x64.Build.0 = Debug|x64
		{C838965D-ABC7-4AAA-BFBD-8870817A877C}.Debug|x86.ActiveCfg = Debug|Win32
		{C838965D-ABC7-4AAA-BFBD-8870817A877C}.Debug|x86.Build.0 = Debug|Win32
		{C838965D-ABC7-4AAA-BFBD-8870817A877C}.Release|x64.ActiveCfg = Release|x64
		{C838965D-ABC7-4AAA-BFBD-8870817A877C}.Release|x64.Build.0 = Release|x64
		{C838965D-ABC7-4AAA-BFBD-8870817A877C}.Release|x86.ActiveCfg = Release|Win32
		{C838965D-ABC7-4AAA-BFBD-8870817A877C}.Release|x86.Build.0 = Release|Win32
		{79816533-8C79-432B-809B-CADD9315BF5B}.Debug|x64.ActiveCfg = Debug|x64
		{79816533-8C79-432B-809B-CADD9315BF5B}.Debug|x64.Build.0 = Debug|x64
		{79816533-8C79-432B-809B-CADD9315BF5B}.Debug|x86.ActiveCfg = Debug|Win32
		{79816533-8C79-432B-809B-CADD9315BF5B}.Debug|x86.Build.0 = Debug|Win32
		{79816533-8C79-432B-809B-CADD9315BF5B}.Release|x64.ActiveCfg = Release|x64
		{79816533-8C79-432B-809B-CADD9315BF5B}.Release|x64.Build.0 = Release|x64
		{79816533-8C79-432B-809B-CADD9315BF5B}.Release|x86.ActiveCfg = Release|Win32
		{79816533-8C79-432B-809B-CADD9315BF5B}.Release|x86.Build.0 = Release|Win32
		{1CEBFE66-119F-471F-A690-ECABCD9DA06F}.Debug|x64.ActiveCfg = Debug|x64
		{1CEBFE66-119F-471F-A690-ECABCD9DA06F}.Debug|x64.Build.0 = Debug|x64
		{1CEBFE66-119F-471F-A690-ECABCD9DA06F}.Debug|x86.ActiveCfg = Debug|Win32
		{1CEBFE66-119F-471F-A690-ECABCD9DA06F}.Debug|x86.Build.0 = Debug|Win32
		{1CEBFE66-119F-471F-A690-ECABCD9DA06F}.Release|x64.ActiveCfg = Release|x64
		{1CEBFE66-119F-471F-A690-ECABCD9DA06F}.Release|x64.Build.0 = Release|x64
		{1CEBFE66-119F-471F-A690-ECABCD9DA06F}.Release|x86.ActiveCfg = Release|Win32
		{1CEBFE66-119F-471F-A690-ECABCD9DA06F}.Release|x86.Build.0 = Release|Win32
		{CD2608B3-E94A-4D19-B416-A71C0C08B1E1}.Debug|x64.ActiveCfg = Debug|x64
		{CD2608B3-E94A-4D19-B416-A71C0C08B1E1}.Debug|x64.Build.0 = Debug|x64
		{CD2608B3-E94A-4D19-B416-A71C0C08B1E1}.Debug|x86.ActiveCfg = Debug|Win32
		{CD2608B3-E94A-4D19-B416-A71C0C08B1E1}.Debug|x86.Build.0 = Debug|Win32
		{CD2608B3-E94A-4D19-B416-A71C0C08B1E1}.Release|x64.ActiveCfg = Release|x64
		{CD2608B3-E94A-4D19-B416-A71C0C08B1E1}.Release|x64.Build.0 = Release|x64
		{CD2608B3-E94A-4D19-B416-A71C0C08B1E1}.Release|x86.ActiveCfg = Release|Win32
		{CD2608B3-E94A-4D19-B416-A71C0C08B1E1}.Release|x86.Build.0 = Release|Win32
	EndGlobalSection
	GlobalSection(SolutionProperties) = preSolution
		HideSolutionNode = FALSE
	EndGlobalSection
	GlobalSection(NestedProjects) = preSolution
		{1CB42DF5-6BA9-4B27-89C2-D84CBD66B6EF} = {44B351DD-30E6-4706-BD70-E32B09F5C02A}
		{205B2E76-2809-4E21-B893-9D8B6CF1820E} = {44B351DD-30E6-4706-BD70-E32B09F5C02A}
		{84272452-85EB-4116-A0BB-37C6D0D1EFCA} = {44B351DD-30E6-4706-BD70-E32B09F5C02A}
		{5E5E464E-FB56-431F-8108-6D8FC1A60B21} = {44B351DD-30E6-4706-BD70-E32B09F5C02A}
		{841012BA-227E-4608-872C-72064FA79C93} = {79E2232F-C6C9-4DAC-AD99-6243F2EEF683}
		{6976C01F-1C8A-4DE8-8B35-8D160BD920BF} = {44B351DD-30E6-4706-BD70-E32B09F5C02A}
		{507D0018-E017-4DBF-91FC-B7C4AA43D97D} = {44B351DD-30E6-4706-BD70-E32B09F5C02A}
		{16202B9A-469A-4DF2-A422-A2D028814795} = {44B351DD-30E6-4706-BD70-E32B09F5C02A}
		{A7CBAC38-88CA-4EE0-B47E-8644E976C75C} = {44B351DD-30E6-4706-BD70-E32B09F5C02A}
		{C065F0B6-067F-427C-81D5-EA97943E605D} = {44B351DD-30E6-4706-BD70-E32B09F5C02A}
		{256D9234-0B8D-405A-A496-2BD3B54B4081} = {44B351DD-30E6-4706-BD70-E32B09F5C02A}
		{C901001D-2AE6-43B6-85D1-8D64D79EBBF7} = {44B351DD-30E6-4706-BD70-E32B09F5C02A}
		{8B46E9A0-E1B0-4AE3-BA42-96D6E59FAE90} = {44B351DD-30E6-4706-BD70-E32B09F5C02A}
		{2E15342B-582A-4224-87E9-D046575CFFBE} = {44B351DD-30E6-4706-BD70-E32B09F5C02A}
		{D147A5CD-219B-46E6-B36C-E9D856C3758A} = {44B351DD-30E6-4706-BD70-E32B09F5C02A}
		{5F0DE4BF-E576-43C8-BE01-B7AD4E42AEEE} = {44B351DD-30E6-4706-BD70-E32B09F5C02A}
		{2EC36E72-BA03-43F7-B834-CCBFC5A9D28B} = {44B351DD-30E6-4706-BD70-E32B09F5C02A}
		{4D57169A-C29A-4AD6-82DB-ED0768348288} = {44B351DD-30E6-4706-BD70-E32B09F5C02A}
		{B243F815-D252-40CE-B9AF-FEDA8FAAB7C2} = {44B351DD-30E6-4706-BD70-E32B09F5C02A}
		{CE028FFA-C84C-440D-AB23-CAA50DF5D52F} = {44B351DD-30E6-4706-BD70-E32B09F5C02A}
		{C50557A2-F785-42F5-A8DF-800F0B92B70F} = {44B351DD-30E6-4706-BD70-E32B09F5C02A}
		{3B10B209-7A2C-4B20-A536-D8F12A74AB6F} = {44B351DD-30E6-4706-BD70-E32B09F5C02A}
		{627591A7-C305-41E8-A37D-F77FA8DAF0EB} = {44B351DD-30E6-4706-BD70-E32B09F5C02A}
		{C2537156-35D8-45E1-8F9D-5054D756C86D} = {44B351DD-30E6-4706-BD70-E32B09F5C02A}
		{CA99BD28-CC2D-47DB-94A2-4B5F1085644F} = {44B351DD-30E6-4706-BD70-E32B09F5C02A}
		{AE6B45BC-0F97-4A6D-880D-E1B697C614B7} = {44B351DD-30E6-4706-BD70-E32B09F5C02A}
		{40340E8C-D1C0-4378-9C91-EC4822DAC27F} = {44B351DD-30E6-4706-BD70-E32B09F5C02A}
		{D3696A8E-E925-49A8-A8A4-8AA4E715A75B} = {44B351DD-30E6-4706-BD70-E32B09F5C02A}
		{11D27C4D-4444-42EF-9B5D-4457EA0687FE} = {44B351DD-30E6-4706-BD70-E32B09F5C02A}
		{0BD2DA8C-4815-470F-B27C-087E1F239265} = {44B351DD-30E6-4706-BD70-E32B09F5C02A}
		{0DC95577-39CB-47E5-88D1-47847EB44A77} = {79E2232F-C6C9-4DAC-AD99-6243F2EEF683}
		{FE8CF7B8-8FA9-47A5-902F-125621FCC9EF} = {79E2232F-C6C9-4DAC-AD99-6243F2EEF683}
		{D0F263C7-0081-401F-8387-2D1EF3A02631} = {79E2232F-C6C9-4DAC-AD99-6243F2EEF683}
		{F659ABEA-68A0-400A-8E54-3423D93F608A} = {44B351DD-30E6-4706-BD70-E32B09F5C02A}
		{F32197E2-740B-44F6-97E1-B6C89B4041BC} = {44B351DD-30E6-4706-BD70-E32B09F5C02A}
		{96950A39-AEEC-4D7B-A861-4FA3B1C3E143} = {44B351DD-30E6-4706-BD70-E32B09F5C02A}
		{C838965D-ABC7-4AAA-BFBD-8870817A877C} = {79E2232F-C6C9-4DAC-AD99-6243F2EEF683}
		{79816533-8C79-432B-809B-CADD9315BF5B} = {44B351DD-30E6-4706-BD70-E32B09F5C02A}
		{1CEBFE66-119F-471F-A690-ECABCD9DA06F} = {73759F29-C2ED-463D-89A9-2742A8A6D814}
	EndGlobalSection
	GlobalSection(ExtensibilityGlobals) = postSolution
		SolutionGuid = {40ED77E3-1B6F-4B2E-9913-53CC74542B07}
	EndGlobalSection
EndGlobal
