<?xml version="1.0" encoding="utf-8"?>
<Project ToolsVersion="4.0" xmlns="http://schemas.microsoft.com/developer/msbuild/2003">
  <ItemGroup>
    <Filter Include="资源文件">
      <UniqueIdentifier>{67DA6AB6-F800-4c08-8B7A-83BB121AAD01}</UniqueIdentifier>
      <Extensions>rc;ico;cur;bmp;dlg;rc2;rct;bin;rgs;gif;jpg;jpeg;jpe;resx;tiff;tif;png;wav;mfcribbon-ms</Extensions>
    </Filter>
    <Filter Include="header">
      <UniqueIdentifier>{93995380-89BD-4b04-88EB-625FBE52EBFB}</UniqueIdentifier>
      <Extensions>h;hh;hpp;hxx;h++;hm;inl;inc;ipp;xsd</Extensions>
    </Filter>
    <Filter Include="source">
      <UniqueIdentifier>{4FC737F1-C7A5-4376-A066-2A32D752A2FF}</UniqueIdentifier>
      <Extensions>cpp;c;cc;cxx;c++;cppm;ixx;def;odl;idl;hpj;bat;asm;asmx</Extensions>
    </Filter>
  </ItemGroup>
  <ItemGroup>
    <ClCompile Include="..\..\..\Bluetooth\system\packet\avrcp\avrcp_browse_packet.cc">
      <Filter>source</Filter>
    </ClCompile>
    <ClCompile Include="..\..\..\Bluetooth\system\packet\avrcp\avrcp_packet.cc">
      <Filter>source</Filter>
    </ClCompile>
    <ClCompile Include="..\..\..\Bluetooth\system\packet\avrcp\avrcp_reject_packet.cc">
      <Filter>source</Filter>
    </ClCompile>
    <ClCompile Include="..\..\..\Bluetooth\system\packet\avrcp\capabilities_packet.cc">
      <Filter>source</Filter>
    </ClCompile>
    <ClCompile Include="..\..\..\Bluetooth\system\packet\avrcp\change_path.cc">
      <Filter>source</Filter>
    </ClCompile>
    <ClCompile Include="..\..\..\Bluetooth\system\packet\avrcp\general_reject_packet.cc">
      <Filter>source</Filter>
    </ClCompile>
    <ClCompile Include="..\..\..\Bluetooth\system\packet\avrcp\get_current_player_application_setting_value.cc">
      <Filter>source</Filter>
    </ClCompile>
    <ClCompile Include="..\..\..\Bluetooth\system\packet\avrcp\get_element_attributes_packet.cc">
      <Filter>source</Filter>
    </ClCompile>
    <ClCompile Include="..\..\..\Bluetooth\system\packet\avrcp\get_folder_items.cc">
      <Filter>source</Filter>
    </ClCompile>
    <ClCompile Include="..\..\..\Bluetooth\system\packet\avrcp\get_item_attributes.cc">
      <Filter>source</Filter>
    </ClCompile>
    <ClCompile Include="..\..\..\Bluetooth\system\packet\avrcp\get_play_status_packet.cc">
      <Filter>source</Filter>
    </ClCompile>
    <ClCompile Include="..\..\..\Bluetooth\system\packet\avrcp\get_total_number_of_items.cc">
      <Filter>source</Filter>
    </ClCompile>
    <ClCompile Include="..\..\..\Bluetooth\system\packet\avrcp\list_player_application_setting_attributes.cc">
      <Filter>source</Filter>
    </ClCompile>
    <ClCompile Include="..\..\..\Bluetooth\system\packet\avrcp\list_player_application_setting_values.cc">
      <Filter>source</Filter>
    </ClCompile>
    <ClCompile Include="..\..\..\Bluetooth\system\packet\avrcp\pass_through_packet.cc">
      <Filter>source</Filter>
    </ClCompile>
    <ClCompile Include="..\..\..\Bluetooth\system\packet\avrcp\play_item.cc">
      <Filter>source</Filter>
    </ClCompile>
    <ClCompile Include="..\..\..\Bluetooth\system\packet\avrcp\register_notification_packet.cc">
      <Filter>source</Filter>
    </ClCompile>
    <ClCompile Include="..\..\..\Bluetooth\system\packet\avrcp\set_absolute_volume.cc">
      <Filter>source</Filter>
    </ClCompile>
    <ClCompile Include="..\..\..\Bluetooth\system\packet\avrcp\set_addressed_player.cc">
      <Filter>source</Filter>
    </ClCompile>
    <ClCompile Include="..\..\..\Bluetooth\system\packet\avrcp\set_browsed_player.cc">
      <Filter>source</Filter>
    </ClCompile>
    <ClCompile Include="..\..\..\Bluetooth\system\packet\avrcp\set_player_application_setting_value.cc">
      <Filter>source</Filter>
    </ClCompile>
    <ClCompile Include="..\..\..\Bluetooth\system\packet\avrcp\vendor_packet.cc">
      <Filter>source</Filter>
    </ClCompile>
  </ItemGroup>
  <ItemGroup>
    <ClInclude Include="..\..\..\Bluetooth\system\packet\avrcp\avrcp_browse_packet.h">
      <Filter>header</Filter>
    </ClInclude>
    <ClInclude Include="..\..\..\Bluetooth\system\packet\avrcp\avrcp_packet.h">
      <Filter>header</Filter>
    </ClInclude>
    <ClInclude Include="..\..\..\Bluetooth\system\packet\avrcp\avrcp_reject_packet.h">
      <Filter>header</Filter>
    </ClInclude>
    <ClInclude Include="..\..\..\Bluetooth\system\packet\avrcp\capabilities_packet.h">
      <Filter>header</Filter>
    </ClInclude>
    <ClInclude Include="..\..\..\Bluetooth\system\packet\avrcp\change_path.h">
      <Filter>header</Filter>
    </ClInclude>
    <ClInclude Include="..\..\..\Bluetooth\system\packet\avrcp\general_reject_packet.h">
      <Filter>header</Filter>
    </ClInclude>
    <ClInclude Include="..\..\..\Bluetooth\system\packet\avrcp\get_current_player_application_setting_value.h">
      <Filter>header</Filter>
    </ClInclude>
    <ClInclude Include="..\..\..\Bluetooth\system\packet\avrcp\get_element_attributes_packet.h">
      <Filter>header</Filter>
    </ClInclude>
    <ClInclude Include="..\..\..\Bluetooth\system\packet\avrcp\get_folder_items.h">
      <Filter>header</Filter>
    </ClInclude>
    <ClInclude Include="..\..\..\Bluetooth\system\packet\avrcp\get_item_attributes.h">
      <Filter>header</Filter>
    </ClInclude>
    <ClInclude Include="..\..\..\Bluetooth\system\packet\avrcp\get_play_status_packet.h">
      <Filter>header</Filter>
    </ClInclude>
    <ClInclude Include="..\..\..\Bluetooth\system\packet\avrcp\get_total_number_of_items.h">
      <Filter>header</Filter>
    </ClInclude>
    <ClInclude Include="..\..\..\Bluetooth\system\packet\avrcp\list_player_application_setting_attributes.h">
      <Filter>header</Filter>
    </ClInclude>
    <ClInclude Include="..\..\..\Bluetooth\system\packet\avrcp\list_player_application_setting_values.h">
      <Filter>header</Filter>
    </ClInclude>
    <ClInclude Include="..\..\..\Bluetooth\system\packet\avrcp\pass_through_packet.h">
      <Filter>header</Filter>
    </ClInclude>
    <ClInclude Include="..\..\..\Bluetooth\system\packet\avrcp\play_item.h">
      <Filter>header</Filter>
    </ClInclude>
    <ClInclude Include="..\..\..\Bluetooth\system\packet\avrcp\register_notification_packet.h">
      <Filter>header</Filter>
    </ClInclude>
    <ClInclude Include="..\..\..\Bluetooth\system\packet\avrcp\set_absolute_volume.h">
      <Filter>header</Filter>
    </ClInclude>
    <ClInclude Include="..\..\..\Bluetooth\system\packet\avrcp\set_addressed_player.h">
      <Filter>header</Filter>
    </ClInclude>
    <ClInclude Include="..\..\..\Bluetooth\system\packet\avrcp\set_browsed_player.h">
      <Filter>header</Filter>
    </ClInclude>
    <ClInclude Include="..\..\..\Bluetooth\system\packet\avrcp\set_player_application_setting_value.h">
      <Filter>header</Filter>
    </ClInclude>
    <ClInclude Include="..\..\..\Bluetooth\system\packet\avrcp\vendor_packet.h">
      <Filter>header</Filter>
    </ClInclude>
  </ItemGroup>
</Project>