<?xml version="1.0" encoding="utf-8"?>
<Project ToolsVersion="4.0" xmlns="http://schemas.microsoft.com/developer/msbuild/2003">
  <ItemGroup>
    <Filter Include="资源文件">
      <UniqueIdentifier>{67DA6AB6-F800-4c08-8B7A-83BB121AAD01}</UniqueIdentifier>
      <Extensions>rc;ico;cur;bmp;dlg;rc2;rct;bin;rgs;gif;jpg;jpeg;jpe;resx;tiff;tif;png;wav;mfcribbon-ms</Extensions>
    </Filter>
    <Filter Include="avrcp">
      <UniqueIdentifier>{93995380-89BD-4b04-88EB-625FBE52EBFB}</UniqueIdentifier>
      <Extensions>h;hh;hpp;hxx;h++;hm;inl;inc;ipp;xsd</Extensions>
    </Filter>
    <Filter Include="co">
      <UniqueIdentifier>{4FC737F1-C7A5-4376-A066-2A32D752A2FF}</UniqueIdentifier>
      <Extensions>cpp;c;cc;cxx;c++;cppm;ixx;def;odl;idl;hpj;bat;asm;asmx</Extensions>
    </Filter>
    <Filter Include="src">
      <UniqueIdentifier>{4b3deb71-b794-4636-9798-1b34fc2a08bb}</UniqueIdentifier>
    </Filter>
  </ItemGroup>
  <ItemGroup>
    <ClCompile Include="..\..\..\Bluetooth\system\btif\avrcp\avrcp_service.cc">
      <Filter>avrcp</Filter>
    </ClCompile>
    <ClCompile Include="..\..\..\Bluetooth\system\btif\co\bta_av_co.cc">
      <Filter>co</Filter>
    </ClCompile>
    <ClCompile Include="..\..\..\Bluetooth\system\btif\co\bta_av_co_peer.cc">
      <Filter>co</Filter>
    </ClCompile>
    <ClCompile Include="..\..\..\Bluetooth\system\btif\co\bta_hh_co.cc">
      <Filter>co</Filter>
    </ClCompile>
    <ClCompile Include="..\..\..\Bluetooth\system\btif\co\bta_pan_co.cc">
      <Filter>co</Filter>
    </ClCompile>
    <ClCompile Include="..\..\..\Bluetooth\system\btif\src\bluetooth.cc">
      <Filter>src</Filter>
    </ClCompile>
    <ClCompile Include="..\..\..\Bluetooth\system\btif\src\btif_a2dp.cc">
      <Filter>src</Filter>
    </ClCompile>
    <ClCompile Include="..\..\..\Bluetooth\system\btif\src\btif_a2dp_control.cc">
      <Filter>src</Filter>
    </ClCompile>
    <ClCompile Include="..\..\..\Bluetooth\system\btif\src\btif_a2dp_sink.cc">
      <Filter>src</Filter>
    </ClCompile>
    <ClCompile Include="..\..\..\Bluetooth\system\btif\src\btif_a2dp_source.cc">
      <Filter>src</Filter>
    </ClCompile>
    <ClCompile Include="..\..\..\Bluetooth\system\btif\src\btif_av.cc">
      <Filter>src</Filter>
    </ClCompile>
    <ClCompile Include="..\..\..\Bluetooth\system\btif\src\btif_csis_client.cc">
      <Filter>src</Filter>
    </ClCompile>
    <ClCompile Include="..\..\..\Bluetooth\system\btif\src\btif_has_client.cc">
      <Filter>src</Filter>
    </ClCompile>
    <ClCompile Include="..\..\..\Bluetooth\system\btif\src\btif_hd.cc">
      <Filter>src</Filter>
    </ClCompile>
    <ClCompile Include="..\..\..\Bluetooth\system\btif\src\btif_hearing_aid.cc">
      <Filter>src</Filter>
    </ClCompile>
    <ClCompile Include="..\..\..\Bluetooth\system\btif\src\btif_hf.cc">
      <Filter>src</Filter>
    </ClCompile>
    <ClCompile Include="..\..\..\Bluetooth\system\btif\src\btif_hf_client.cc">
      <Filter>src</Filter>
    </ClCompile>
    <ClCompile Include="..\..\..\Bluetooth\system\btif\src\btif_hh.cc">
      <Filter>src</Filter>
    </ClCompile>
    <ClCompile Include="..\..\..\Bluetooth\system\btif\src\btif_iot_config.cc">
      <Filter>src</Filter>
    </ClCompile>
    <ClCompile Include="..\..\..\Bluetooth\system\btif\src\btif_le_audio.cc">
      <Filter>src</Filter>
    </ClCompile>
    <ClCompile Include="..\..\..\Bluetooth\system\btif\src\btif_le_audio_broadcaster.cc">
      <Filter>src</Filter>
    </ClCompile>
    <ClCompile Include="..\..\..\Bluetooth\system\btif\src\btif_pan.cc">
      <Filter>src</Filter>
    </ClCompile>
    <ClCompile Include="..\..\..\Bluetooth\system\btif\src\btif_profile_queue.cc">
      <Filter>src</Filter>
    </ClCompile>
    <ClCompile Include="..\..\..\Bluetooth\system\btif\src\btif_profile_storage.cc">
      <Filter>src</Filter>
    </ClCompile>
    <ClCompile Include="..\..\..\Bluetooth\system\btif\src\btif_rc.cc">
      <Filter>src</Filter>
    </ClCompile>
    <ClCompile Include="..\..\..\Bluetooth\system\btif\src\btif_vc.cc">
      <Filter>src</Filter>
    </ClCompile>
    <ClCompile Include="..\..\..\Bluetooth\system\btif\src\btif_avrcp_audio_track.cc">
      <Filter>src</Filter>
    </ClCompile>
  </ItemGroup>
  <ItemGroup>
    <ClInclude Include="..\..\..\Bluetooth\system\btif\avrcp\avrcp_service.h">
      <Filter>avrcp</Filter>
    </ClInclude>
  </ItemGroup>
</Project>