<?xml version="1.0" encoding="utf-8"?>
<Project ToolsVersion="4.0" xmlns="http://schemas.microsoft.com/developer/msbuild/2003">
  <ItemGroup>
    <Filter Include="资源文件">
      <UniqueIdentifier>{67DA6AB6-F800-4c08-8B7A-83BB121AAD01}</UniqueIdentifier>
      <Extensions>rc;ico;cur;bmp;dlg;rc2;rct;bin;rgs;gif;jpg;jpeg;jpe;resx;tiff;tif;png;wav;mfcribbon-ms</Extensions>
    </Filter>
    <Filter Include="source">
      <UniqueIdentifier>{4FC737F1-C7A5-4376-A066-2A32D752A2FF}</UniqueIdentifier>
      <Extensions>cpp;c;cc;cxx;c++;cppm;ixx;def;odl;idl;hpj;bat;asm;asmx</Extensions>
    </Filter>
    <Filter Include="header">
      <UniqueIdentifier>{93995380-89BD-4b04-88EB-625FBE52EBFB}</UniqueIdentifier>
      <Extensions>h;hh;hpp;hxx;h++;hm;inl;inc;ipp;xsd</Extensions>
    </Filter>
    <Filter Include="source\socket_utils">
      <UniqueIdentifier>{41230318-9385-4db7-9248-cc43ac71f705}</UniqueIdentifier>
    </Filter>
  </ItemGroup>
  <ItemGroup>
    <ClCompile Include="..\..\..\Bluetooth\system\osi\src\allocator.cc">
      <Filter>source</Filter>
    </ClCompile>
    <ClCompile Include="..\..\..\Bluetooth\system\osi\src\config.cc">
      <Filter>source</Filter>
    </ClCompile>
    <ClCompile Include="..\..\..\Bluetooth\system\osi\src\fixed_queue.cc">
      <Filter>source</Filter>
    </ClCompile>
    <ClCompile Include="..\..\..\Bluetooth\system\osi\src\future.cc">
      <Filter>source</Filter>
    </ClCompile>
    <ClCompile Include="..\..\..\Bluetooth\system\osi\src\hash_map_utils.cc">
      <Filter>source</Filter>
    </ClCompile>
    <ClCompile Include="..\..\..\Bluetooth\system\osi\src\list.cc">
      <Filter>source</Filter>
    </ClCompile>
    <ClCompile Include="..\..\..\Bluetooth\system\osi\src\mutex.cc">
      <Filter>source</Filter>
    </ClCompile>
    <ClCompile Include="..\..\..\Bluetooth\system\osi\src\properties.cc">
      <Filter>source</Filter>
    </ClCompile>
    <ClCompile Include="..\..\..\Bluetooth\system\osi\src\reactor.cc">
      <Filter>source</Filter>
    </ClCompile>
    <ClCompile Include="..\..\..\Bluetooth\system\osi\src\ringbuffer.cc">
      <Filter>source</Filter>
    </ClCompile>
    <ClCompile Include="..\..\..\Bluetooth\system\osi\src\socket.cc">
      <Filter>source</Filter>
    </ClCompile>
    <ClCompile Include="..\..\..\Bluetooth\system\osi\src\stack_power_telemetry.cc">
      <Filter>source</Filter>
    </ClCompile>
    <ClCompile Include="..\..\..\Bluetooth\system\osi\src\thread.cc">
      <Filter>source</Filter>
    </ClCompile>
    <ClCompile Include="..\..\..\Bluetooth\system\osi\src\thread_scheduler.cc">
      <Filter>source</Filter>
    </ClCompile>
    <ClCompile Include="..\..\..\Bluetooth\system\osi\src\wakelock.cc">
      <Filter>source</Filter>
    </ClCompile>
    <ClCompile Include="..\..\..\Bluetooth\system\osi\src\socket_utils\socket_local_client.cc">
      <Filter>source\socket_utils</Filter>
    </ClCompile>
    <ClCompile Include="..\..\..\Bluetooth\system\osi\src\socket_utils\socket_local_server.cc">
      <Filter>source\socket_utils</Filter>
    </ClCompile>
    <ClCompile Include="alarm.cc">
      <Filter>source</Filter>
    </ClCompile>
    <ClCompile Include="..\..\..\Bluetooth\system\osi\src\internal\semaphore.cc">
      <Filter>source</Filter>
    </ClCompile>
  </ItemGroup>
  <ItemGroup>
    <ClInclude Include="..\..\..\Bluetooth\system\osi\include\alarm.h">
      <Filter>header</Filter>
    </ClInclude>
    <ClInclude Include="..\..\..\Bluetooth\system\osi\include\allocator.h">
      <Filter>header</Filter>
    </ClInclude>
    <ClInclude Include="..\..\..\Bluetooth\system\osi\include\compat.h">
      <Filter>header</Filter>
    </ClInclude>
    <ClInclude Include="..\..\..\Bluetooth\system\osi\include\config.h">
      <Filter>header</Filter>
    </ClInclude>
    <ClInclude Include="..\..\..\Bluetooth\system\osi\include\fixed_queue.h">
      <Filter>header</Filter>
    </ClInclude>
    <ClInclude Include="..\..\..\Bluetooth\system\osi\include\future.h">
      <Filter>header</Filter>
    </ClInclude>
    <ClInclude Include="..\..\..\Bluetooth\system\osi\include\hash_map_utils.h">
      <Filter>header</Filter>
    </ClInclude>
    <ClInclude Include="..\..\..\Bluetooth\system\osi\include\list.h">
      <Filter>header</Filter>
    </ClInclude>
    <ClInclude Include="..\..\..\Bluetooth\system\osi\include\mutex.h">
      <Filter>header</Filter>
    </ClInclude>
    <ClInclude Include="..\..\..\Bluetooth\system\osi\include\osi.h">
      <Filter>header</Filter>
    </ClInclude>
    <ClInclude Include="..\..\..\Bluetooth\system\osi\include\properties.h">
      <Filter>header</Filter>
    </ClInclude>
    <ClInclude Include="..\..\..\Bluetooth\system\osi\include\reactor.h">
      <Filter>header</Filter>
    </ClInclude>
    <ClInclude Include="..\..\..\Bluetooth\system\osi\include\ringbuffer.h">
      <Filter>header</Filter>
    </ClInclude>
    <ClInclude Include="..\..\..\Bluetooth\system\osi\include\socket.h">
      <Filter>header</Filter>
    </ClInclude>
    <ClInclude Include="..\..\..\Bluetooth\system\osi\include\stack_power_telemetry.h">
      <Filter>header</Filter>
    </ClInclude>
    <ClInclude Include="..\..\..\Bluetooth\system\osi\include\thread.h">
      <Filter>header</Filter>
    </ClInclude>
    <ClInclude Include="..\..\..\Bluetooth\system\osi\include\thread_scheduler.h">
      <Filter>header</Filter>
    </ClInclude>
    <ClInclude Include="..\..\..\Bluetooth\system\osi\include\wakelock.h">
      <Filter>header</Filter>
    </ClInclude>
  </ItemGroup>
</Project>